// !$*UTF8*$!
{
	archiveVersion = 1;
	classes = {
	};
	objectVersion = 46;
	objects = {

/* Begin PBXBuildFile section */
		F7CED2601DCDFB270092BC92 /* AppDelegate.swift in Sources */ = {isa = PBXBuildFile; fileRef = F7CED25F1DCDFB270092BC92 /* AppDelegate.swift */; };
		F7CED2621DCDFB270092BC92 /* ViewController.swift in Sources */ = {isa = PBXBuildFile; fileRef = F7CED2611DCDFB270092BC92 /* ViewController.swift */; };
		F7CED2651DCDFB270092BC92 /* Main.storyboard in Resources */ = {isa = PBXBuildFile; fileRef = F7CED2631DCDFB270092BC92 /* Main.storyboard */; };
		F7CED2671DCDFB270092BC92 /* Assets.xcassets in Resources */ = {isa = PBXBuildFile; fileRef = F7CED2661DCDFB270092BC92 /* Assets.xcassets */; };
		F7CED26A1DCDFB270092BC92 /* LaunchScreen.storyboard in Resources */ = {isa = PBXBuildFile; fileRef = F7CED2681DCDFB270092BC92 /* LaunchScreen.storyboard */; };
/* End PBXBuildFile section */

/* Begin PBXFileReference section */
		F7CED25C1DCDFB270092BC92 /* moretwitter.app */ = {isa = PBXFileReference; explicitFileType = wrapper.application; includeInIndex = 0; path = moretwitter.app; sourceTree = BUILT_PRODUCTS_DIR; };
		F7CED25F1DCDFB270092BC92 /* AppDelegate.swift */ = {isa = PBXFileReference; lastKnownFileType = sourcecode.swift; path = AppDelegate.swift; sourceTree = "<group>"; };
		F7CED2611DCDFB270092BC92 /* ViewController.swift */ = {isa = PBXFileReference; lastKnownFileType = sourcecode.swift; path = ViewController.swift; sourceTree = "<group>"; };
		F7CED2641DCDFB270092BC92 /* Base */ = {isa = PBXFileReference; lastKnownFileType = file.storyboard; name = Base; path = Base.lproj/Main.storyboard; sourceTree = "<group>"; };
		F7CED2661DCDFB270092BC92 /* Assets.xcassets */ = {isa = PBXFileReference; lastKnownFileType = folder.assetcatalog; path = Assets.xcassets; sourceTree = "<group>"; };
		F7CED2691DCDFB270092BC92 /* Base */ = {isa = PBXFileReference; lastKnownFileType = file.storyboard; name = Base; path = Base.lproj/LaunchScreen.storyboard; sourceTree = "<group>"; };
		F7CED26B1DCDFB270092BC92 /* Info.plist */ = {isa = PBXFileReference; lastKnownFileType = text.plist.xml; path = Info.plist; sourceTree = "<group>"; };
/* End PBXFileReference section */

/* Begin PBXFrameworksBuildPhase section */
		F7CED2591DCDFB270092BC92 /* Frameworks */ = {
			isa = PBXFrameworksBuildPhase;
			buildActionMask = 2147483647;
			files = (
			);
			runOnlyForDeploymentPostprocessing = 0;
		};
/* End PBXFrameworksBuildPhase section */

/* Begin PBXGroup section */
		F7CED2531DCDFB270092BC92 = {
			isa = PBXGroup;
			children = (
				F7CED25E1DCDFB270092BC92 /* moretwitter */,
				F7CED25D1DCDFB270092BC92 /* Products */,
			);
			sourceTree = "<group>";
		};
		F7CED25D1DCDFB270092BC92 /* Products */ = {
			isa = PBXGroup;
			children = (
				F7CED25C1DCDFB270092BC92 /* moretwitter.app */,
			);
			name = Products;
			sourceTree = "<group>";
		};
		F7CED25E1DCDFB270092BC92 /* moretwitter */ = {
			isa = PBXGroup;
			children = (
				F7CED25F1DCDFB270092BC92 /* AppDelegate.swift */,
				F7CED2611DCDFB270092BC92 /* ViewController.swift */,
				F7CED2631DCDFB270092BC92 /* Main.storyboard */,
				F7CED2661DCDFB270092BC92 /* Assets.xcassets */,
				F7CED2681DCDFB270092BC92 /* LaunchScreen.storyboard */,
				F7CED26B1DCDFB270092BC92 /* Info.plist */,
			);
			path = moretwitter;
			sourceTree = "<group>";
		};
/* End PBXGroup section */

/* Begin PBXNativeTarget section */
		F7CED25B1DCDFB270092BC92 /* moretwitter */ = {
			isa = PBXNativeTarget;
			buildConfigurationList = F7CED26E1DCDFB270092BC92 /* Build configuration list for PBXNativeTarget "moretwitter" */;
			buildPhases = (
				F7CED2581DCDFB270092BC92 /* Sources */,
				F7CED2591DCDFB270092BC92 /* Frameworks */,
				F7CED25A1DCDFB270092BC92 /* Resources */,
			);
			buildRules = (
			);
			dependencies = (
			);
			name = moretwitter;
			productName = moretwitter;
			productReference = F7CED25C1DCDFB270092BC92 /* moretwitter.app */;
			productType = "com.apple.product-type.application";
		};
/* End PBXNativeTarget section */

/* Begin PBXProject section */
		F7CED2541DCDFB270092BC92 /* Project object */ = {
			isa = PBXProject;
			attributes = {
				LastSwiftUpdateCheck = 0810;
				LastUpgradeCheck = 0810;
				ORGANIZATIONNAME = "Faheem Hussain";
				TargetAttributes = {
					F7CED25B1DCDFB270092BC92 = {
						CreatedOnToolsVersion = 8.1;
						ProvisioningStyle = Automatic;
					};
				};
			};
			buildConfigurationList = F7CED2571DCDFB270092BC92 /* Build configuration list for PBXProject "moretwitter" */;
			compatibilityVersion = "Xcode 3.2";
			developmentRegion = English;
			hasScannedForEncodings = 0;
			knownRegions = (
				en,
				Base,
			);
			mainGroup = F7CED2531DCDFB270092BC92;
			productRefGroup = F7CED25D1DCDFB270092BC92 /* Products */;
			projectDirPath = "";
			projectRoot = "";
			targets = (
				F7CED25B1DCDFB270092BC92 /* moretwitter */,
			);
		};
/* End PBXProject section */

/* Begin PBXResourcesBuildPhase section */
		F7CED25A1DCDFB270092BC92 /* Resources */ = {
			isa = PBXResourcesBuildPhase;
			buildActionMask = 2147483647;
			files = (
				F7CED26A1DCDFB270092BC92 /* LaunchScreen.storyboard in Resources */,
				F7CED2671DCDFB270092BC92 /* Assets.xcassets in Resources */,
				F7CED2651DCDFB270092BC92 /* Main.storyboard in Resources */,
			);
			runOnlyForDeploymentPostprocessing = 0;
		};
/* End PBXResourcesBuildPhase section */

/* Begin PBXSourcesBuildPhase section */
		F7CED2581DCDFB270092BC92 /* Sources */ = {
			isa = PBXSourcesBuildPhase;
			buildActionMask = 2147483647;
			files = (
				F7CED2621DCDFB270092BC92 /* ViewController.swift in Sources */,
				F7CED2601DCDFB270092BC92 /* AppDelegate.swift in Sources */,
			);
			runOnlyForDeploymentPostprocessing = 0;
		};
/* End PBXSourcesBuildPhase section */

/* Begin PBXVariantGroup section */
		F7CED2631DCDFB270092BC92 /* Main.storyboard */ = {
			isa = PBXVariantGroup;
			children = (
				F7CED2641DCDFB270092BC92 /* Base */,
			);
			name = Main.storyboard;
			sourceTree = "<group>";
		};
		F7CED2681DCDFB270092BC92 /* LaunchScreen.storyboard */ = {
			isa = PBXVariantGroup;
			children = (
				F7CED2691DCDFB270092BC92 /* Base */,
			);
			name = LaunchScreen.storyboard;
			sourceTree = "<group>";
		};
/* End PBXVariantGroup section */

/* Begin XCBuildConfiguration section */
		F7CED26C1DCDFB270092BC92 /* Debug */ = {
			isa = XCBuildConfiguration;
			buildSettings = {
				ALWAYS_SEARCH_USER_PATHS = NO;
				CLANG_ANALYZER_NONNULL = YES;
				CLANG_CXX_LANGUAGE_STANDARD = "gnu++0x";
				CLANG_CXX_LIBRARY = "libc++";
				CLANG_ENABLE_MODULES = YES;
				CLANG_ENABLE_OBJC_ARC = YES;
				CLANG_WARN_BOOL_CONVERSION = YES;
				CLANG_WARN_CONSTANT_CONVERSION = YES;
				CLANG_WARN_DIRECT_OBJC_ISA_USAGE = YES_ERROR;
				CLANG_WARN_DOCUMENTATION_COMMENTS = YES;
				CLANG_WARN_EMPTY_BODY = YES;
				CLANG_WARN_ENUM_CONVERSION = YES;
				CLANG_WARN_INFINITE_RECURSION = YES;
				CLANG_WARN_INT_CONVERSION = YES;
				CLANG_WARN_OBJC_ROOT_CLASS = YES_ERROR;
				CLANG_WARN_SUSPICIOUS_MOVES = YES;
				CLANG_WARN_UNREACHABLE_CODE = YES;
				CLANG_WARN__DUPLICATE_METHOD_MATCH = YES;
				"CODE_SIGN_IDENTITY[sdk=iphoneos*]" = "iPhone Developer";
				COPY_PHASE_STRIP = NO;
				DEBUG_INFORMATION_FORMAT = dwarf;
				ENABLE_STRICT_OBJC_MSGSEND = YES;
				ENABLE_TESTABILITY = YES;
				GCC_C_LANGUAGE_STANDARD = gnu99;
				GCC_DYNAMIC_NO_PIC = NO;
				GCC_NO_COMMON_BLOCKS = YES;
				GCC_OPTIMIZATION_LEVEL = 0;
				GCC_PREPROCESSOR_DEFINITIONS = (
					"DEBUG=1",
					"$(inherited)",
				);
				GCC_WARN_64_TO_32_BIT_CONVERSION = YES;
				GCC_WARN_ABOUT_RETURN_TYPE = YES_ERROR;
				GCC_WARN_UNDECLARED_SELECTOR = YES;
				GCC_WARN_UNINITIALIZED_AUTOS = YES_AGGRESSIVE;
				GCC_WARN_UNUSED_FUNCTION = YES;
				GCC_WARN_UNUSED_VARIABLE = YES;
				IPHONEOS_DEPLOYMENT_TARGET = 10.1;
				MTL_ENABLE_DEBUG_INFO = YES;
				ONLY_ACTIVE_ARCH = YES;
				SDKROOT = iphoneos;
				SWIFT_ACTIVE_COMPILATION_CONDITIONS = DEBUG;
				SWIFT_OPTIMIZATION_LEVEL = "-Onone";
			};
			name = Debug;
		};
		F7CED26D1DCDFB270092BC92 /* Release */ = {
			isa = XCBuildConfiguration;
			buildSettings = {
				ALWAYS_SEARCH_USER_PATHS = NO;
				CLANG_ANALYZER_NONNULL = YES;
				CLANG_CXX_LANGUAGE_STANDARD = "gnu++0x";
				CLANG_CXX_LIBRARY = "libc++";
				CLANG_ENABLE_MODULES = YES;
				CLANG_ENABLE_OBJC_ARC = YES;
				CLANG_WARN_BOOL_CONVERSION = YES;
				CLANG_WARN_CONSTANT_CONVERSION = YES;
				CLANG_WARN_DIRECT_OBJC_ISA_USAGE = YES_ERROR;
				CLANG_WARN_DOCUMENTATION_COMMENTS = YES;
				CLANG_WARN_EMPTY_BODY = YES;
				CLANG_WARN_ENUM_CONVERSION = YES;
				CLANG_WARN_INFINITE_RECURSION = YES;
				CLANG_WARN_INT_CONVERSION = YES;
				CLANG_WARN_OBJC_ROOT_CLASS = YES_ERROR;
				CLANG_WARN_SUSPICIOUS_MOVES = YES;
				CLANG_WARN_UNREACHABLE_CODE = YES;
				CLANG_WARN__DUPLICATE_METHOD_MATCH = YES;
				"CODE_SIGN_IDENTITY[sdk=iphoneos*]" = "iPhone Developer";
				COPY_PHASE_STRIP = NO;
				DEBUG_INFORMATION_FORMAT = "dwarf-with-dsym";
				ENABLE_NS_ASSERTIONS = NO;
				ENABLE_STRICT_OBJC_MSGSEND = YES;
				GCC_C_LANGUAGE_STANDARD = gnu99;
				GCC_NO_COMMON_BLOCKS = YES;
				GCC_WARN_64_TO_32_BIT_CONVERSION = YES;
				GCC_WARN_ABOUT_RETURN_TYPE = YES_ERROR;
				GCC_WARN_UNDECLARED_SELECTOR = YES;
				GCC_WARN_UNINITIALIZED_AUTOS = YES_AGGRESSIVE;
				GCC_WARN_UNUSED_FUNCTION = YES;
				GCC_WARN_UNUSED_VARIABLE = YES;
				IPHONEOS_DEPLOYMENT_TARGET = 10.1;
				MTL_ENABLE_DEBUG_INFO = NO;
				SDKROOT = iphoneos;
				SWIFT_OPTIMIZATION_LEVEL = "-Owholemodule";
				VALIDATE_PRODUCT = YES;
			};
			name = Release;
		};
		F7CED26F1DCDFB270092BC92 /* Debug */ = {
			isa = XCBuildConfiguration;
			buildSettings = {
				ASSETCATALOG_COMPILER_APPICON_NAME = AppIcon;
				INFOPLIST_FILE = moretwitter/Info.plist;
				LD_RUNPATH_SEARCH_PATHS = "$(inherited) @executable_path/Frameworks";
				PRODUCT_BUNDLE_IDENTIFIER = com.fah.moretwitter;
				PRODUCT_NAME = "$(TARGET_NAME)";
				SWIFT_VERSION = 3.0;
			};
			name = Debug;
		};
		F7CED2701DCDFB270092BC92 /* Release */ = {
			isa = XCBuildConfiguration;
			buildSettings = {
				ASSETCATALOG_COMPILER_APPICON_NAME = AppIcon;
				INFOPLIST_FILE = moretwitter/Info.plist;
				LD_RUNPATH_SEARCH_PATHS = "$(inherited) @executable_path/Frameworks";
				PRODUCT_BUNDLE_IDENTIFIER = com.fah.moretwitter;
				PRODUCT_NAME = "$(TARGET_NAME)";
				SWIFT_VERSION = 3.0;
			};
			name = Release;
		};
/* End XCBuildConfiguration section */

/* Begin XCConfigurationList section */
		F7CED2571DCDFB270092BC92 /* Build configuration list for PBXProject "moretwitter" */ = {
			isa = XCConfigurationList;
			buildConfigurations = (
				F7CED26C1DCDFB270092BC92 /* Debug */,
				F7CED26D1DCDFB270092BC92 /* Release */,
			);
			defaultConfigurationIsVisible = 0;
			defaultConfigurationName = Release;
		};
		F7CED26E1DCDFB270092BC92 /* Build configuration list for PBXNativeTarget "moretwitter" */ = {
			isa = XCConfigurationList;
			buildConfigurations = (
				F7CED26F1DCDFB270092BC92 /* Debug */,
				F7CED2701DCDFB270092BC92 /* Release */,
			);
			defaultConfigurationIsVisible = 0;
		};
/* End XCConfigurationList section */
	};
	rootObject = F7CED2541DCDFB270092BC92 /* Project object */;
}
